PODS:
  - Alamofire (4.2.0)
  - CryptoSwift (0.6.7)
  - Font-Awesome-Swift (1.5.3)
  - KeyboardObserver (1.0.1)
  - Keys (1.0.0)
  - Kingfisher (3.2.4)
  - Moya/Core (8.0.0):
    - Alamofire (~> 4.2.0)
    - Result (~> 3.1.0)
  - Moya/RxSwift (8.0.0):
    - Moya/Core
    - RxSwift (~> 3.1.0)
  - Nimble (5.1.1)
  - OAuthSwift (1.1.0)
  - ObjectMapper (2.2.2)
  - PopupDialog (0.5.3)
  - Quick (1.0.0)
  - ReachabilitySwift (3)
  - Realm (2.3.0):
    - Realm/Headers (= 2.3.0)
  - Realm/Headers (2.3.0)
  - RealmSwift (2.3.0):
    - Realm (= 2.3.0)
  - Result (3.1.0)
  - RxBlocking (3.1.0):
    - RxSwift (~> 3.1)
  - RxCocoa (3.1.0):
    - RxSwift (~> 3.1)
  - RxDataSources (1.0.2):
    - RxCocoa (~> 3.0)
    - RxSwift (~> 3.0)
  - RxSwift (3.1.0)
  - SwiftDate (4.0.11)
  - SwiftGen (4.1.0)
  - SwiftMessages (3.1.4)
  - SwiftyJSON (3.1.4)
  - SwiftyUserDefaults (3.0.0)
  - UIColor_Hex_Swift (3.0.2)

DEPENDENCIES:
  - CryptoSwift
  - Font-Awesome-Swift
  - KeyboardObserver
  - Keys (from `Pods/CocoaPodsKeys`)
  - Kingfisher
  - Moya/RxSwift
  - Nimble
  - OAuthSwift
  - ObjectMapper
  - PopupDialog
  - Quick
  - ReachabilitySwift
  - RealmSwift
  - RxBlocking
  - RxCocoa
  - RxDataSources
  - RxSwift
  - SwiftDate
  - SwiftGen
  - SwiftMessages
  - SwiftyJSON
  - SwiftyUserDefaults
  - UIColor_Hex_Swift

EXTERNAL SOURCES:
  Keys:
    :path: Pods/CocoaPodsKeys

SPEC CHECKSUMS:
  Alamofire: aa2e09d871c9160ac53c90e83c68064a94e3dfbe
  CryptoSwift: 685ae257941e5447474348a2b545583e1a16b573
  Font-Awesome-Swift: 6615ee6b875d148f767ea60b5b4ff54e2ea3122e
  KeyboardObserver: b74a483236861c63a29a18b5b617f63313f04eef
  Keys: 9c35bf00f612ee1d48556f4a4b9b4551e224e90f
  Kingfisher: 8d80f39da403cd9c9ee11984e1655f4d6a566cdb
  Moya: 850a166ab8241bd1c1cea6dbe012e3a2ad62944a
  Nimble: 415e3aa3267e7bc2c96b05fa814ddea7bb686a29
  OAuthSwift: 7ec2c62274f6bdc30b1ba3b799c39a6fdcaea0e5
  ObjectMapper: 9e385c2295bcc4e16eabbcfc85db801442bba545
  PopupDialog: 533dd564f8781633375505b9fbd406f8f146ccc9
  Quick: 8024e4a47e6cc03a9d5245ef0948264fc6d27cff
  ReachabilitySwift: f5b9bb30a0777fac8f09ce8b067e32faeb29bb64
  Realm: 69d7de9aa569a11eed490aaabc8f2109e3985ecf
  RealmSwift: dc6f99ea55e59490cec69c860f91932b6bf7efb6
  Result: 4e3ed5995ed94d0cd6a09be9a431fce3f3624bbf
  RxBlocking: cd73ef6a5f8c39cede9488178c46aa0c3c3ed17f
  RxCocoa: 50d7564866da9299161e86a263ce12a0873904d8
  RxDataSources: 1de77880bf5b7fcee42102adcd5a5d65e5b81541
  RxSwift: 83ff553e7593fdfdcb2562933a64c0284dffdadc
  SwiftDate: a36d5ce7c86bed3ed92b583ccbf15045f374ac65
  SwiftGen: d29fd8b7aa52092411d415fb09d0abd3d79ea1a5
  SwiftMessages: 08386e74abe1b32fa8ac2075edb4043c56db709d
  SwiftyJSON: c2842d878f95482ffceec5709abc3d05680c0220
  SwiftyUserDefaults: 0f1d45fc3aafb9064dac661e367f8f83fe21a4b4
  UIColor_Hex_Swift: 95f718452092a3efc8a827dffd2c04d3237be02d

PODFILE CHECKSUM: f71ba862e8b529369ba3e551f50af063ceefa92e

COCOAPODS: 1.1.1
